
Microsoft Visual Studio Solution File, Format Version 12.00
# Visual Studio 15
VisualStudioVersion = 15.0.26730.15
MinimumVisualStudioVersion = 10.0.40219.1
Project("{FAE04EC0-301F-11D3-BF4B-00C04F79EFBC}") = "WordAddInReference", "WordAddInReference.csproj", "{D6901A5D-1A49-4118-B086-19C499291495}"
EndProject
Project("{FAE04EC0-301F-11D3-BF4B-00C04F79EFBC}") = "WordAddInOLERef", "..\WordAddInOLERef\WordAddInOLERef.csproj", "{DA57EF07-9F0F-483E-8331-828DBFD9F2A3}"
EndProject
Global
	GlobalSection(SolutionConfigurationPlatforms) = preSolution
		Debug|Any CPU = Debug|Any CPU
		Release|Any CPU = Release|Any CPU
	EndGlobalSection
	GlobalSection(ProjectConfigurationPlatforms) = postSolution
		{D6901A5D-1A49-4118-B086-19C499291495}.Debug|Any CPU.ActiveCfg = Debug|Any CPU
		{D6901A5D-1A49-4118-B086-19C499291495}.Debug|Any CPU.Build.0 = Debug|Any CPU
		{D6901A5D-1A49-4118-B086-19C499291495}.Release|Any CPU.ActiveCfg = Release|Any CPU
		{D6901A5D-1A49-4118-B086-19C499291495}.Release|Any CPU.Build.0 = Release|Any CPU
		{DA57EF07-9F0F-483E-8331-828DBFD9F2A3}.Debug|Any CPU.ActiveCfg = Debug|Any CPU
		{DA57EF07-9F0F-483E-8331-828DBFD9F2A3}.Debug|Any CPU.Build.0 = Debug|Any CPU
		{DA57EF07-9F0F-483E-8331-828DBFD9F2A3}.Release|Any CPU.ActiveCfg = Release|Any CPU
		{DA57EF07-9F0F-483E-8331-828DBFD9F2A3}.Release|Any CPU.Build.0 = Release|Any CPU
	EndGlobalSection
	GlobalSection(SolutionProperties) = preSolution
		HideSolutionNode = FALSE
	EndGlobalSection
	GlobalSection(ExtensibilityGlobals) = postSolution
		SolutionGuid = {1769FCD2-D480-431E-8663-73E848FAF8AC}
	EndGlobalSection
EndGlobal
